
Microsoft Visual Studio Solution File, Format Version 12.00
# Visual Studio Version 16
VisualStudioVersion = 16.0.31112.23
MinimumVisualStudioVersion = 10.0.40219.1
Project("{FAE04EC0-301F-11D3-BF4B-00C04F79EFBC}") = "TwitchScanAPI", "TwitchScanAPI\TwitchScanAPI.csproj", "{CC3318E5-FB8E-45D7-8D80-5B6C4A35D30C}"
EndProject
Global
	GlobalSection(SolutionConfigurationPlatforms) = preSolution
		Debug|Any CPU = Debug|Any CPU
		Release|Any CPU = Release|Any CPU
	EndGlobalSection
	GlobalSection(ProjectConfigurationPlatforms) = postSolution
		{CC3318E5-FB8E-45D7-8D80-5B6C4A35D30C}.Debug|Any CPU.ActiveCfg = Debug|Any CPU
		{CC3318E5-FB8E-45D7-8D80-5B6C4A35D30C}.Debug|Any CPU.Build.0 = Debug|Any CPU
		{CC3318E5-FB8E-45D7-8D80-5B6C4A35D30C}.Release|Any CPU.ActiveCfg = Release|Any CPU
		{CC3318E5-FB8E-45D7-8D80-5B6C4A35D30C}.Release|Any CPU.Build.0 = Release|Any CPU
	EndGlobalSection
	GlobalSection(SolutionProperties) = preSolution
		HideSolutionNode = FALSE
	EndGlobalSection
	GlobalSection(ExtensibilityGlobals) = postSolution
		SolutionGuid = {8D1113C4-4AFC-460C-A791-DB83A1C2A882}
	EndGlobalSection
EndGlobal
